<?xml version="1.0" encoding="utf-8"?>
<Project ToolsVersion="17.0" xmlns="http://schemas.microsoft.com/developer/msbuild/2003">
  <ItemGroup>
    <CustomBuild Include="C:\Users\conbo\Desktop\render\builds\CMakeFiles\dd93c502e8bf6a70a9d8f0dbf1c2ec13\generate.stamp.rule">
      <Filter>CMake Rules</Filter>
    </CustomBuild>
  </ItemGroup>
  <ItemGroup>
    <Filter Include="CMake Rules">
      <UniqueIdentifier>{D8B45C76-67E3-3663-80FA-FF654A78FA1D}</UniqueIdentifier>
    </Filter>
  </ItemGroup>
</Project>
